// !$*UTF8*$!
{
	archiveVersion = 1;
	classes = {
	};
	objectVersion = 50;
	objects = {

/* Begin PBXBuildFile section */
		16A71AD4244ACF0B0092E013 /* AppDelegate.swift in Sources */ = {isa = PBXBuildFile; fileRef = 16A71AD3244ACF0B0092E013 /* AppDelegate.swift */; };
		16A71AD8244ACF0B0092E013 /* ViewController.swift in Sources */ = {isa = PBXBuildFile; fileRef = 16A71AD7244ACF0B0092E013 /* ViewController.swift */; };
		16A71ADD244ACF0C0092E013 /* Assets.xcassets in Resources */ = {isa = PBXBuildFile; fileRef = 16A71ADC244ACF0C0092E013 /* Assets.xcassets */; };
		16A71AE0244ACF0C0092E013 /* LaunchScreen.storyboard in Resources */ = {isa = PBXBuildFile; fileRef = 16A71ADE244ACF0C0092E013 /* LaunchScreen.storyboard */; };
		16A71AEB244ACF0C0092E013 /* JustCurrencyTests.swift in Sources */ = {isa = PBXBuildFile; fileRef = 16A71AEA244ACF0C0092E013 /* JustCurrencyTests.swift */; };
		64907D7526E6871F1A661A55 /* Pods_JustCurrency.framework in Frameworks */ = {isa = PBXBuildFile; fileRef = 3C13896D77C41FEFBC61310E /* Pods_JustCurrency.framework */; };
		6793BE694EDFD46915C2E643 /* Pods_JustCurrencyTests.framework in Frameworks */ = {isa = PBXBuildFile; fileRef = 8274D343733DEA2CB6E32EA0 /* Pods_JustCurrencyTests.framework */; };
/* End PBXBuildFile section */

/* Begin PBXContainerItemProxy section */
		16A71AE7244ACF0C0092E013 /* PBXContainerItemProxy */ = {
			isa = PBXContainerItemProxy;
			containerPortal = 16A71AC8244ACF0B0092E013 /* Project object */;
			proxyType = 1;
			remoteGlobalIDString = 16A71ACF244ACF0B0092E013;
			remoteInfo = JustCurrency;
		};
/* End PBXContainerItemProxy section */

/* Begin PBXFileReference section */
		16A71AD0244ACF0B0092E013 /* JustCurrency.app */ = {isa = PBXFileReference; explicitFileType = wrapper.application; includeInIndex = 0; path = JustCurrency.app; sourceTree = BUILT_PRODUCTS_DIR; };
		16A71AD3244ACF0B0092E013 /* AppDelegate.swift */ = {isa = PBXFileReference; lastKnownFileType = sourcecode.swift; path = AppDelegate.swift; sourceTree = "<group>"; };
		16A71AD7244ACF0B0092E013 /* ViewController.swift */ = {isa = PBXFileReference; lastKnownFileType = sourcecode.swift; path = ViewController.swift; sourceTree = "<group>"; };
		16A71ADC244ACF0C0092E013 /* Assets.xcassets */ = {isa = PBXFileReference; lastKnownFileType = folder.assetcatalog; path = Assets.xcassets; sourceTree = "<group>"; };
		16A71ADF244ACF0C0092E013 /* Base */ = {isa = PBXFileReference; lastKnownFileType = file.storyboard; name = Base; path = Base.lproj/LaunchScreen.storyboard; sourceTree = "<group>"; };
		16A71AE1244ACF0C0092E013 /* Info.plist */ = {isa = PBXFileReference; lastKnownFileType = text.plist.xml; path = Info.plist; sourceTree = "<group>"; };
		16A71AE6244ACF0C0092E013 /* JustCurrencyTests.xctest */ = {isa = PBXFileReference; explicitFileType = wrapper.cfbundle; includeInIndex = 0; path = JustCurrencyTests.xctest; sourceTree = BUILT_PRODUCTS_DIR; };
		16A71AEA244ACF0C0092E013 /* JustCurrencyTests.swift */ = {isa = PBXFileReference; lastKnownFileType = sourcecode.swift; path = JustCurrencyTests.swift; sourceTree = "<group>"; };
		16A71AEC244ACF0C0092E013 /* Info.plist */ = {isa = PBXFileReference; lastKnownFileType = text.plist.xml; path = Info.plist; sourceTree = "<group>"; };
		2285ECCED5D6C150231E806A /* Pods-JustCurrency.release.xcconfig */ = {isa = PBXFileReference; includeInIndex = 1; lastKnownFileType = text.xcconfig; name = "Pods-JustCurrency.release.xcconfig"; path = "Target Support Files/Pods-JustCurrency/Pods-JustCurrency.release.xcconfig"; sourceTree = "<group>"; };
		3C13896D77C41FEFBC61310E /* Pods_JustCurrency.framework */ = {isa = PBXFileReference; explicitFileType = wrapper.framework; includeInIndex = 0; path = Pods_JustCurrency.framework; sourceTree = BUILT_PRODUCTS_DIR; };
		519F3970DD388F2711A8144B /* Pods-JustCurrencyTests.debug.xcconfig */ = {isa = PBXFileReference; includeInIndex = 1; lastKnownFileType = text.xcconfig; name = "Pods-JustCurrencyTests.debug.xcconfig"; path = "Target Support Files/Pods-JustCurrencyTests/Pods-JustCurrencyTests.debug.xcconfig"; sourceTree = "<group>"; };
		7DA5DF2FFDC44D5453F95E9B /* Pods-JustCurrencyTests.release.xcconfig */ = {isa = PBXFileReference; includeInIndex = 1; lastKnownFileType = text.xcconfig; name = "Pods-JustCurrencyTests.release.xcconfig"; path = "Target Support Files/Pods-JustCurrencyTests/Pods-JustCurrencyTests.release.xcconfig"; sourceTree = "<group>"; };
		8274D343733DEA2CB6E32EA0 /* Pods_JustCurrencyTests.framework */ = {isa = PBXFileReference; explicitFileType = wrapper.framework; includeInIndex = 0; path = Pods_JustCurrencyTests.framework; sourceTree = BUILT_PRODUCTS_DIR; };
		98811E923B95300444B7D105 /* Pods-JustCurrency.debug.xcconfig */ = {isa = PBXFileReference; includeInIndex = 1; lastKnownFileType = text.xcconfig; name = "Pods-JustCurrency.debug.xcconfig"; path = "Target Support Files/Pods-JustCurrency/Pods-JustCurrency.debug.xcconfig"; sourceTree = "<group>"; };
/* End PBXFileReference section */

/* Begin PBXFrameworksBuildPhase section */
		16A71ACD244ACF0B0092E013 /* Frameworks */ = {
			isa = PBXFrameworksBuildPhase;
			buildActionMask = 2147483647;
			files = (
				64907D7526E6871F1A661A55 /* Pods_JustCurrency.framework in Frameworks */,
			);
			runOnlyForDeploymentPostprocessing = 0;
		};
		16A71AE3244ACF0C0092E013 /* Frameworks */ = {
			isa = PBXFrameworksBuildPhase;
			buildActionMask = 2147483647;
			files = (
				6793BE694EDFD46915C2E643 /* Pods_JustCurrencyTests.framework in Frameworks */,
			);
			runOnlyForDeploymentPostprocessing = 0;
		};
/* End PBXFrameworksBuildPhase section */

/* Begin PBXGroup section */
		16A71AC7244ACF0B0092E013 = {
			isa = PBXGroup;
			children = (
				16A71AD2244ACF0B0092E013 /* JustCurrency */,
				16A71AE9244ACF0C0092E013 /* JustCurrencyTests */,
				16A71AD1244ACF0B0092E013 /* Products */,
				8BA6CAE5607242E7B587B135 /* Pods */,
				AB552BA83B629929FD65BDE2 /* Frameworks */,
			);
			sourceTree = "<group>";
		};
		16A71AD1244ACF0B0092E013 /* Products */ = {
			isa = PBXGroup;
			children = (
				16A71AD0244ACF0B0092E013 /* JustCurrency.app */,
				16A71AE6244ACF0C0092E013 /* JustCurrencyTests.xctest */,
			);
			name = Products;
			sourceTree = "<group>";
		};
		16A71AD2244ACF0B0092E013 /* JustCurrency */ = {
			isa = PBXGroup;
			children = (
				16A71AD3244ACF0B0092E013 /* AppDelegate.swift */,
				16A71AD7244ACF0B0092E013 /* ViewController.swift */,
				16A71ADC244ACF0C0092E013 /* Assets.xcassets */,
				16A71ADE244ACF0C0092E013 /* LaunchScreen.storyboard */,
				16A71AE1244ACF0C0092E013 /* Info.plist */,
			);
			path = JustCurrency;
			sourceTree = "<group>";
		};
		16A71AE9244ACF0C0092E013 /* JustCurrencyTests */ = {
			isa = PBXGroup;
			children = (
				16A71AEA244ACF0C0092E013 /* JustCurrencyTests.swift */,
				16A71AEC244ACF0C0092E013 /* Info.plist */,
			);
			path = JustCurrencyTests;
			sourceTree = "<group>";
		};
		8BA6CAE5607242E7B587B135 /* Pods */ = {
			isa = PBXGroup;
			children = (
				98811E923B95300444B7D105 /* Pods-JustCurrency.debug.xcconfig */,
				2285ECCED5D6C150231E806A /* Pods-JustCurrency.release.xcconfig */,
				519F3970DD388F2711A8144B /* Pods-JustCurrencyTests.debug.xcconfig */,
				7DA5DF2FFDC44D5453F95E9B /* Pods-JustCurrencyTests.release.xcconfig */,
			);
			name = Pods;
			path = Pods;
			sourceTree = "<group>";
		};
		AB552BA83B629929FD65BDE2 /* Frameworks */ = {
			isa = PBXGroup;
			children = (
				3C13896D77C41FEFBC61310E /* Pods_JustCurrency.framework */,
				8274D343733DEA2CB6E32EA0 /* Pods_JustCurrencyTests.framework */,
			);
			name = Frameworks;
			sourceTree = "<group>";
		};
/* End PBXGroup section */

/* Begin PBXNativeTarget section */
		16A71ACF244ACF0B0092E013 /* JustCurrency */ = {
			isa = PBXNativeTarget;
			buildConfigurationList = 16A71AEF244ACF0C0092E013 /* Build configuration list for PBXNativeTarget "JustCurrency" */;
			buildPhases = (
				A830CDA8576250B3F86A280E /* [CP] Check Pods Manifest.lock */,
				16A71ACC244ACF0B0092E013 /* Sources */,
				16A71ACD244ACF0B0092E013 /* Frameworks */,
				16A71ACE244ACF0B0092E013 /* Resources */,
			);
			buildRules = (
			);
			dependencies = (
			);
			name = JustCurrency;
			productName = JustCurrency;
			productReference = 16A71AD0244ACF0B0092E013 /* JustCurrency.app */;
			productType = "com.apple.product-type.application";
		};
		16A71AE5244ACF0C0092E013 /* JustCurrencyTests */ = {
			isa = PBXNativeTarget;
			buildConfigurationList = 16A71AF2244ACF0C0092E013 /* Build configuration list for PBXNativeTarget "JustCurrencyTests" */;
			buildPhases = (
				7E9B5D485FC4DCBC7C4B4608 /* [CP] Check Pods Manifest.lock */,
				16A71AE2244ACF0C0092E013 /* Sources */,
				16A71AE3244ACF0C0092E013 /* Frameworks */,
				16A71AE4244ACF0C0092E013 /* Resources */,
				4370903689554AED5696BE68 /* [CP] Embed Pods Frameworks */,
			);
			buildRules = (
			);
			dependencies = (
				16A71AE8244ACF0C0092E013 /* PBXTargetDependency */,
			);
			name = JustCurrencyTests;
			productName = JustCurrencyTests;
			productReference = 16A71AE6244ACF0C0092E013 /* JustCurrencyTests.xctest */;
			productType = "com.apple.product-type.bundle.unit-test";
		};
/* End PBXNativeTarget section */

/* Begin PBXProject section */
		16A71AC8244ACF0B0092E013 /* Project object */ = {
			isa = PBXProject;
			attributes = {
				LastSwiftUpdateCheck = 1140;
				LastUpgradeCheck = 1140;
				ORGANIZATIONNAME = "Marcin Rainka";
				TargetAttributes = {
					16A71ACF244ACF0B0092E013 = {
						CreatedOnToolsVersion = 11.4.1;
					};
					16A71AE5244ACF0C0092E013 = {
						CreatedOnToolsVersion = 11.4.1;
						TestTargetID = 16A71ACF244ACF0B0092E013;
					};
				};
			};
			buildConfigurationList = 16A71ACB244ACF0B0092E013 /* Build configuration list for PBXProject "JustCurrency" */;
			compatibilityVersion = "Xcode 9.3";
			developmentRegion = en;
			hasScannedForEncodings = 0;
			knownRegions = (
				en,
				Base,
			);
			mainGroup = 16A71AC7244ACF0B0092E013;
			productRefGroup = 16A71AD1244ACF0B0092E013 /* Products */;
			projectDirPath = "";
			projectRoot = "";
			targets = (
				16A71ACF244ACF0B0092E013 /* JustCurrency */,
				16A71AE5244ACF0C0092E013 /* JustCurrencyTests */,
			);
		};
/* End PBXProject section */

/* Begin PBXResourcesBuildPhase section */
		16A71ACE244ACF0B0092E013 /* Resources */ = {
			isa = PBXResourcesBuildPhase;
			buildActionMask = 2147483647;
			files = (
				16A71AE0244ACF0C0092E013 /* LaunchScreen.storyboard in Resources */,
				16A71ADD244ACF0C0092E013 /* Assets.xcassets in Resources */,
			);
			runOnlyForDeploymentPostprocessing = 0;
		};
		16A71AE4244ACF0C0092E013 /* Resources */ = {
			isa = PBXResourcesBuildPhase;
			buildActionMask = 2147483647;
			files = (
			);
			runOnlyForDeploymentPostprocessing = 0;
		};
/* End PBXResourcesBuildPhase section */

/* Begin PBXShellScriptBuildPhase section */
		4370903689554AED5696BE68 /* [CP] Embed Pods Frameworks */ = {
			isa = PBXShellScriptBuildPhase;
			buildActionMask = 2147483647;
			files = (
			);
			inputFileListPaths = (
				"${PODS_ROOT}/Target Support Files/Pods-JustCurrencyTests/Pods-JustCurrencyTests-frameworks-${CONFIGURATION}-input-files.xcfilelist",
			);
			name = "[CP] Embed Pods Frameworks";
			outputFileListPaths = (
				"${PODS_ROOT}/Target Support Files/Pods-JustCurrencyTests/Pods-JustCurrencyTests-frameworks-${CONFIGURATION}-output-files.xcfilelist",
			);
			runOnlyForDeploymentPostprocessing = 0;
			shellPath = /bin/sh;
			shellScript = "\"${PODS_ROOT}/Target Support Files/Pods-JustCurrencyTests/Pods-JustCurrencyTests-frameworks.sh\"\n";
			showEnvVarsInLog = 0;
		};
		7E9B5D485FC4DCBC7C4B4608 /* [CP] Check Pods Manifest.lock */ = {
			isa = PBXShellScriptBuildPhase;
			buildActionMask = 2147483647;
			files = (
			);
			inputFileListPaths = (
			);
			inputPaths = (
				"${PODS_PODFILE_DIR_PATH}/Podfile.lock",
				"${PODS_ROOT}/Manifest.lock",
			);
			name = "[CP] Check Pods Manifest.lock";
			outputFileListPaths = (
			);
			outputPaths = (
				"$(DERIVED_FILE_DIR)/Pods-JustCurrencyTests-checkManifestLockResult.txt",
			);
			runOnlyForDeploymentPostprocessing = 0;
			shellPath = /bin/sh;
			shellScript = "diff \"${PODS_PODFILE_DIR_PATH}/Podfile.lock\" \"${PODS_ROOT}/Manifest.lock\" > /dev/null\nif [ $? != 0 ] ; then\n    # print error to STDERR\n    echo \"error: The sandbox is not in sync with the Podfile.lock. Run 'pod install' or update your CocoaPods installation.\" >&2\n    exit 1\nfi\n# This output is used by Xcode 'outputs' to avoid re-running this script phase.\necho \"SUCCESS\" > \"${SCRIPT_OUTPUT_FILE_0}\"\n";
			showEnvVarsInLog = 0;
		};
		A830CDA8576250B3F86A280E /* [CP] Check Pods Manifest.lock */ = {
			isa = PBXShellScriptBuildPhase;
			buildActionMask = 2147483647;
			files = (
			);
			inputFileListPaths = (
			);
			inputPaths = (
				"${PODS_PODFILE_DIR_PATH}/Podfile.lock",
				"${PODS_ROOT}/Manifest.lock",
			);
			name = "[CP] Check Pods Manifest.lock";
			outputFileListPaths = (
			);
			outputPaths = (
				"$(DERIVED_FILE_DIR)/Pods-JustCurrency-checkManifestLockResult.txt",
			);
			runOnlyForDeploymentPostprocessing = 0;
			shellPath = /bin/sh;
			shellScript = "diff \"${PODS_PODFILE_DIR_PATH}/Podfile.lock\" \"${PODS_ROOT}/Manifest.lock\" > /dev/null\nif [ $? != 0 ] ; then\n    # print error to STDERR\n    echo \"error: The sandbox is not in sync with the Podfile.lock. Run 'pod install' or update your CocoaPods installation.\" >&2\n    exit 1\nfi\n# This output is used by Xcode 'outputs' to avoid re-running this script phase.\necho \"SUCCESS\" > \"${SCRIPT_OUTPUT_FILE_0}\"\n";
			showEnvVarsInLog = 0;
		};
/* End PBXShellScriptBuildPhase section */

/* Begin PBXSourcesBuildPhase section */
		16A71ACC244ACF0B0092E013 /* Sources */ = {
			isa = PBXSourcesBuildPhase;
			buildActionMask = 2147483647;
			files = (
				16A71AD8244ACF0B0092E013 /* ViewController.swift in Sources */,
				16A71AD4244ACF0B0092E013 /* AppDelegate.swift in Sources */,
			);
			runOnlyForDeploymentPostprocessing = 0;
		};
		16A71AE2244ACF0C0092E013 /* Sources */ = {
			isa = PBXSourcesBuildPhase;
			buildActionMask = 2147483647;
			files = (
				16A71AEB244ACF0C0092E013 /* JustCurrencyTests.swift in Sources */,
			);
			runOnlyForDeploymentPostprocessing = 0;
		};
/* End PBXSourcesBuildPhase section */

/* Begin PBXTargetDependency section */
		16A71AE8244ACF0C0092E013 /* PBXTargetDependency */ = {
			isa = PBXTargetDependency;
			target = 16A71ACF244ACF0B0092E013 /* JustCurrency */;
			targetProxy = 16A71AE7244ACF0C0092E013 /* PBXContainerItemProxy */;
		};
/* End PBXTargetDependency section */

/* Begin PBXVariantGroup section */
		16A71ADE244ACF0C0092E013 /* LaunchScreen.storyboard */ = {
			isa = PBXVariantGroup;
			children = (
				16A71ADF244ACF0C0092E013 /* Base */,
			);
			name = LaunchScreen.storyboard;
			sourceTree = "<group>";
		};
/* End PBXVariantGroup section */

/* Begin XCBuildConfiguration section */
		16A71AED244ACF0C0092E013 /* Debug */ = {
			isa = XCBuildConfiguration;
			buildSettings = {
				ALWAYS_SEARCH_USER_PATHS = NO;
				CLANG_ANALYZER_NONNULL = YES;
				CLANG_ANALYZER_NUMBER_OBJECT_CONVERSION = YES_AGGRESSIVE;
				CLANG_CXX_LANGUAGE_STANDARD = "gnu++14";
				CLANG_CXX_LIBRARY = "libc++";
				CLANG_ENABLE_MODULES = YES;
				CLANG_ENABLE_OBJC_ARC = YES;
				CLANG_ENABLE_OBJC_WEAK = YES;
				CLANG_WARN_BLOCK_CAPTURE_AUTORELEASING = YES;
				CLANG_WARN_BOOL_CONVERSION = YES;
				CLANG_WARN_COMMA = YES;
				CLANG_WARN_CONSTANT_CONVERSION = YES;
				CLANG_WARN_DEPRECATED_OBJC_IMPLEMENTATIONS = YES;
				CLANG_WARN_DIRECT_OBJC_ISA_USAGE = YES_ERROR;
				CLANG_WARN_DOCUMENTATION_COMMENTS = YES;
				CLANG_WARN_EMPTY_BODY = YES;
				CLANG_WARN_ENUM_CONVERSION = YES;
				CLANG_WARN_INFINITE_RECURSION = YES;
				CLANG_WARN_INT_CONVERSION = YES;
				CLANG_WARN_NON_LITERAL_NULL_CONVERSION = YES;
				CLANG_WARN_OBJC_IMPLICIT_RETAIN_SELF = YES;
				CLANG_WARN_OBJC_LITERAL_CONVERSION = YES;
				CLANG_WARN_OBJC_ROOT_CLASS = YES_ERROR;
				CLANG_WARN_RANGE_LOOP_ANALYSIS = YES;
				CLANG_WARN_STRICT_PROTOTYPES = YES;
				CLANG_WARN_SUSPICIOUS_MOVE = YES;
				CLANG_WARN_UNGUARDED_AVAILABILITY = YES_AGGRESSIVE;
				CLANG_WARN_UNREACHABLE_CODE = YES;
				CLANG_WARN__DUPLICATE_METHOD_MATCH = YES;
				COPY_PHASE_STRIP = NO;
				DEBUG_INFORMATION_FORMAT = dwarf;
				ENABLE_STRICT_OBJC_MSGSEND = YES;
				ENABLE_TESTABILITY = YES;
				GCC_C_LANGUAGE_STANDARD = gnu11;
				GCC_DYNAMIC_NO_PIC = NO;
				GCC_NO_COMMON_BLOCKS = YES;
				GCC_OPTIMIZATION_LEVEL = 0;
				GCC_PREPROCESSOR_DEFINITIONS = (
					"DEBUG=1",
					"$(inherited)",
				);
				GCC_WARN_64_TO_32_BIT_CONVERSION = YES;
				GCC_WARN_ABOUT_RETURN_TYPE = YES_ERROR;
				GCC_WARN_UNDECLARED_SELECTOR = YES;
				GCC_WARN_UNINITIALIZED_AUTOS = YES_AGGRESSIVE;
				GCC_WARN_UNUSED_FUNCTION = YES;
				GCC_WARN_UNUSED_VARIABLE = YES;
				IPHONEOS_DEPLOYMENT_TARGET = 13.4;
				MTL_ENABLE_DEBUG_INFO = INCLUDE_SOURCE;
				MTL_FAST_MATH = YES;
				ONLY_ACTIVE_ARCH = YES;
				SDKROOT = iphoneos;
				SWIFT_ACTIVE_COMPILATION_CONDITIONS = DEBUG;
				SWIFT_OPTIMIZATION_LEVEL = "-Onone";
			};
			name = Debug;
		};
		16A71AEE244ACF0C0092E013 /* Release */ = {
			isa = XCBuildConfiguration;
			buildSettings = {
				ALWAYS_SEARCH_USER_PATHS = NO;
				CLANG_ANALYZER_NONNULL = YES;
				CLANG_ANALYZER_NUMBER_OBJECT_CONVERSION = YES_AGGRESSIVE;
				CLANG_CXX_LANGUAGE_STANDARD = "gnu++14";
				CLANG_CXX_LIBRARY = "libc++";
				CLANG_ENABLE_MODULES = YES;
				CLANG_ENABLE_OBJC_ARC = YES;
				CLANG_ENABLE_OBJC_WEAK = YES;
				CLANG_WARN_BLOCK_CAPTURE_AUTORELEASING = YES;
				CLANG_WARN_BOOL_CONVERSION = YES;
				CLANG_WARN_COMMA = YES;
				CLANG_WARN_CONSTANT_CONVERSION = YES;
				CLANG_WARN_DEPRECATED_OBJC_IMPLEMENTATIONS = YES;
				CLANG_WARN_DIRECT_OBJC_ISA_USAGE = YES_ERROR;
				CLANG_WARN_DOCUMENTATION_COMMENTS = YES;
				CLANG_WARN_EMPTY_BODY = YES;
				CLANG_WARN_ENUM_CONVERSION = YES;
				CLANG_WARN_INFINITE_RECURSION = YES;
				CLANG_WARN_INT_CONVERSION = YES;
				CLANG_WARN_NON_LITERAL_NULL_CONVERSION = YES;
				CLANG_WARN_OBJC_IMPLICIT_RETAIN_SELF = YES;
				CLANG_WARN_OBJC_LITERAL_CONVERSION = YES;
				CLANG_WARN_OBJC_ROOT_CLASS = YES_ERROR;
				CLANG_WARN_RANGE_LOOP_ANALYSIS = YES;
				CLANG_WARN_STRICT_PROTOTYPES = YES;
				CLANG_WARN_SUSPICIOUS_MOVE = YES;
				CLANG_WARN_UNGUARDED_AVAILABILITY = YES_AGGRESSIVE;
				CLANG_WARN_UNREACHABLE_CODE = YES;
				CLANG_WARN__DUPLICATE_METHOD_MATCH = YES;
				COPY_PHASE_STRIP = NO;
				DEBUG_INFORMATION_FORMAT = "dwarf-with-dsym";
				ENABLE_NS_ASSERTIONS = NO;
				ENABLE_STRICT_OBJC_MSGSEND = YES;
				GCC_C_LANGUAGE_STANDARD = gnu11;
				GCC_NO_COMMON_BLOCKS = YES;
				GCC_WARN_64_TO_32_BIT_CONVERSION = YES;
				GCC_WARN_ABOUT_RETURN_TYPE = YES_ERROR;
				GCC_WARN_UNDECLARED_SELECTOR = YES;
				GCC_WARN_UNINITIALIZED_AUTOS = YES_AGGRESSIVE;
				GCC_WARN_UNUSED_FUNCTION = YES;
				GCC_WARN_UNUSED_VARIABLE = YES;
				IPHONEOS_DEPLOYMENT_TARGET = 13.4;
				MTL_ENABLE_DEBUG_INFO = NO;
				MTL_FAST_MATH = YES;
				SDKROOT = iphoneos;
				SWIFT_COMPILATION_MODE = wholemodule;
				SWIFT_OPTIMIZATION_LEVEL = "-O";
				VALIDATE_PRODUCT = YES;
			};
			name = Release;
		};
		16A71AF0244ACF0C0092E013 /* Debug */ = {
			isa = XCBuildConfiguration;
			baseConfigurationReference = 98811E923B95300444B7D105 /* Pods-JustCurrency.debug.xcconfig */;
			buildSettings = {
				ASSETCATALOG_COMPILER_APPICON_NAME = AppIcon;
				CODE_SIGN_STYLE = Automatic;
				DEVELOPMENT_TEAM = 4SBXCK5YYV;
				INFOPLIST_FILE = JustCurrency/Info.plist;
				LD_RUNPATH_SEARCH_PATHS = (
					"$(inherited)",
					"@executable_path/Frameworks",
				);
				PRODUCT_BUNDLE_IDENTIFIER = com.rainka.marcin.JustCurrency;
				PRODUCT_NAME = "$(TARGET_NAME)";
				SWIFT_VERSION = 5.0;
				TARGETED_DEVICE_FAMILY = "1,2";
			};
			name = Debug;
		};
		16A71AF1244ACF0C0092E013 /* Release */ = {
			isa = XCBuildConfiguration;
			baseConfigurationReference = 2285ECCED5D6C150231E806A /* Pods-JustCurrency.release.xcconfig */;
			buildSettings = {
				ASSETCATALOG_COMPILER_APPICON_NAME = AppIcon;
				CODE_SIGN_STYLE = Automatic;
				DEVELOPMENT_TEAM = 4SBXCK5YYV;
				INFOPLIST_FILE = JustCurrency/Info.plist;
				LD_RUNPATH_SEARCH_PATHS = (
					"$(inherited)",
					"@executable_path/Frameworks",
				);
				PRODUCT_BUNDLE_IDENTIFIER = com.rainka.marcin.JustCurrency;
				PRODUCT_NAME = "$(TARGET_NAME)";
				SWIFT_VERSION = 5.0;
				TARGETED_DEVICE_FAMILY = "1,2";
			};
			name = Release;
		};
		16A71AF3244ACF0C0092E013 /* Debug */ = {
			isa = XCBuildConfiguration;
			baseConfigurationReference = 519F3970DD388F2711A8144B /* Pods-JustCurrencyTests.debug.xcconfig */;
			buildSettings = {
				ALWAYS_EMBED_SWIFT_STANDARD_LIBRARIES = YES;
				BUNDLE_LOADER = "$(TEST_HOST)";
				CODE_SIGN_STYLE = Automatic;
				DEVELOPMENT_TEAM = 4SBXCK5YYV;
				INFOPLIST_FILE = JustCurrencyTests/Info.plist;
				IPHONEOS_DEPLOYMENT_TARGET = 13.4;
				LD_RUNPATH_SEARCH_PATHS = (
					"$(inherited)",
					"@executable_path/Frameworks",
					"@loader_path/Frameworks",
				);
				PRODUCT_BUNDLE_IDENTIFIER = com.rainka.marcin.JustCurrencyTests;
				PRODUCT_NAME = "$(TARGET_NAME)";
				SWIFT_VERSION = 5.0;
				TARGETED_DEVICE_FAMILY = "1,2";
				TEST_HOST = "$(BUILT_PRODUCTS_DIR)/JustCurrency.app/JustCurrency";
			};
			name = Debug;
		};
		16A71AF4244ACF0C0092E013 /* Release */ = {
			isa = XCBuildConfiguration;
			baseConfigurationReference = 7DA5DF2FFDC44D5453F95E9B /* Pods-JustCurrencyTests.release.xcconfig */;
			buildSettings = {
				ALWAYS_EMBED_SWIFT_STANDARD_LIBRARIES = YES;
				BUNDLE_LOADER = "$(TEST_HOST)";
				CODE_SIGN_STYLE = Automatic;
				DEVELOPMENT_TEAM = 4SBXCK5YYV;
				INFOPLIST_FILE = JustCurrencyTests/Info.plist;
				IPHONEOS_DEPLOYMENT_TARGET = 13.4;
				LD_RUNPATH_SEARCH_PATHS = (
					"$(inherited)",
					"@executable_path/Frameworks",
					"@loader_path/Frameworks",
				);
				PRODUCT_BUNDLE_IDENTIFIER = com.rainka.marcin.JustCurrencyTests;
				PRODUCT_NAME = "$(TARGET_NAME)";
				SWIFT_VERSION = 5.0;
				TARGETED_DEVICE_FAMILY = "1,2";
				TEST_HOST = "$(BUILT_PRODUCTS_DIR)/JustCurrency.app/JustCurrency";
			};
			name = Release;
		};
/* End XCBuildConfiguration section */

/* Begin XCConfigurationList section */
		16A71ACB244ACF0B0092E013 /* Build configuration list for PBXProject "JustCurrency" */ = {
			isa = XCConfigurationList;
			buildConfigurations = (
				16A71AED244ACF0C0092E013 /* Debug */,
				16A71AEE244ACF0C0092E013 /* Release */,
			);
			defaultConfigurationIsVisible = 0;
			defaultConfigurationName = Release;
		};
		16A71AEF244ACF0C0092E013 /* Build configuration list for PBXNativeTarget "JustCurrency" */ = {
			isa = XCConfigurationList;
			buildConfigurations = (
				16A71AF0244ACF0C0092E013 /* Debug */,
				16A71AF1244ACF0C0092E013 /* Release */,
			);
			defaultConfigurationIsVisible = 0;
			defaultConfigurationName = Release;
		};
		16A71AF2244ACF0C0092E013 /* Build configuration list for PBXNativeTarget "JustCurrencyTests" */ = {
			isa = XCConfigurationList;
			buildConfigurations = (
				16A71AF3244ACF0C0092E013 /* Debug */,
				16A71AF4244ACF0C0092E013 /* Release */,
			);
			defaultConfigurationIsVisible = 0;
			defaultConfigurationName = Release;
		};
/* End XCConfigurationList section */
	};
	rootObject = 16A71AC8244ACF0B0092E013 /* Project object */;
}
