// !$*UTF8*$!
{
	archiveVersion = 1;
	classes = {
	};
	objectVersion = 51;
	objects = {

/* Begin PBXBuildFile section */
		1642C879244B3D2600F5DF5E /* ExchangeRateTableView.swift in Sources */ = {isa = PBXBuildFile; fileRef = 1642C878244B3D2600F5DF5E /* ExchangeRateTableView.swift */; };
		1642C87C244B3DBE00F5DF5E /* CustomViewController.swift in Sources */ = {isa = PBXBuildFile; fileRef = 1642C87B244B3DBE00F5DF5E /* CustomViewController.swift */; };
		1642C87E244B3F9D00F5DF5E /* ExchangeRateTableViewModel.swift in Sources */ = {isa = PBXBuildFile; fileRef = 1642C87D244B3F9D00F5DF5E /* ExchangeRateTableViewModel.swift */; };
		1642C880244B414D00F5DF5E /* CustomViewContaining.swift in Sources */ = {isa = PBXBuildFile; fileRef = 1642C87F244B414D00F5DF5E /* CustomViewContaining.swift */; };
		1642C883244B41F900F5DF5E /* ExchangeRateTableViewController.swift in Sources */ = {isa = PBXBuildFile; fileRef = 1642C882244B41F900F5DF5E /* ExchangeRateTableViewController.swift */; };
		1656411A244B05A50036FFDE /* SegmentedControlItem.swift in Sources */ = {isa = PBXBuildFile; fileRef = 16564119244B05A50036FFDE /* SegmentedControlItem.swift */; };
		1656411C244B05D80036FFDE /* SegmentedControlItemModel.swift in Sources */ = {isa = PBXBuildFile; fileRef = 1656411B244B05D80036FFDE /* SegmentedControlItemModel.swift */; };
		1656411E244B087E0036FFDE /* ConfiguringWithModel.swift in Sources */ = {isa = PBXBuildFile; fileRef = 1656411D244B087E0036FFDE /* ConfiguringWithModel.swift */; };
		16564120244B08BF0036FFDE /* UIConstants.swift in Sources */ = {isa = PBXBuildFile; fileRef = 1656411F244B08BF0036FFDE /* UIConstants.swift */; };
		16564122244B09020036FFDE /* SegmentedControlModel.swift in Sources */ = {isa = PBXBuildFile; fileRef = 16564121244B09020036FFDE /* SegmentedControlModel.swift */; };
		16895FB8244B39E000925113 /* CustomView.swift in Sources */ = {isa = PBXBuildFile; fileRef = 16895FB7244B39E000925113 /* CustomView.swift */; };
		16A0EEAC244B16E600D44E09 /* Repository.swift in Sources */ = {isa = PBXBuildFile; fileRef = 16A0EEAB244B16E600D44E09 /* Repository.swift */; };
		16A0EEAF244B177200D44E09 /* Specification.swift in Sources */ = {isa = PBXBuildFile; fileRef = 16A0EEAE244B177200D44E09 /* Specification.swift */; };
		16A0EEB2244B195800D44E09 /* RepositoryAction.swift in Sources */ = {isa = PBXBuildFile; fileRef = 16A0EEB1244B195800D44E09 /* RepositoryAction.swift */; };
		16A0EEB4244B199700D44E09 /* NetworkRepository.swift in Sources */ = {isa = PBXBuildFile; fileRef = 16A0EEB3244B199700D44E09 /* NetworkRepository.swift */; };
		16A0EEB7244B1A4400D44E09 /* NetworkRepositoryAction.swift in Sources */ = {isa = PBXBuildFile; fileRef = 16A0EEB6244B1A4400D44E09 /* NetworkRepositoryAction.swift */; };
		16A0EEB9244B1AD700D44E09 /* NetworkSpecification.swift in Sources */ = {isa = PBXBuildFile; fileRef = 16A0EEB8244B1AD700D44E09 /* NetworkSpecification.swift */; };
		16A0EEBB244B1B0100D44E09 /* NetworkRoute.swift in Sources */ = {isa = PBXBuildFile; fileRef = 16A0EEBA244B1B0100D44E09 /* NetworkRoute.swift */; };
		16A0EEBD244B1C6400D44E09 /* RepositoryActionError.swift in Sources */ = {isa = PBXBuildFile; fileRef = 16A0EEBC244B1C6400D44E09 /* RepositoryActionError.swift */; };
		16A53165244B2A94004D7927 /* ExchangeRateTableSpecification.swift in Sources */ = {isa = PBXBuildFile; fileRef = 16A53164244B2A94004D7927 /* ExchangeRateTableSpecification.swift */; };
		16A53167244B2B0D004D7927 /* ExchangeRateTable.swift in Sources */ = {isa = PBXBuildFile; fileRef = 16A53166244B2B0D004D7927 /* ExchangeRateTable.swift */; };
		16A53169244B2C94004D7927 /* AnyRepository.swift in Sources */ = {isa = PBXBuildFile; fileRef = 16A53168244B2C94004D7927 /* AnyRepository.swift */; };
		16A5316B244B30EB004D7927 /* ExchangeRate.swift in Sources */ = {isa = PBXBuildFile; fileRef = 16A5316A244B30EB004D7927 /* ExchangeRate.swift */; };
		16A71AD4244ACF0B0092E013 /* AppDelegate.swift in Sources */ = {isa = PBXBuildFile; fileRef = 16A71AD3244ACF0B0092E013 /* AppDelegate.swift */; };
		16A71AD8244ACF0B0092E013 /* ViewController.swift in Sources */ = {isa = PBXBuildFile; fileRef = 16A71AD7244ACF0B0092E013 /* ViewController.swift */; };
		16A71ADD244ACF0C0092E013 /* Assets.xcassets in Resources */ = {isa = PBXBuildFile; fileRef = 16A71ADC244ACF0C0092E013 /* Assets.xcassets */; };
		16A71AE0244ACF0C0092E013 /* LaunchScreen.storyboard in Resources */ = {isa = PBXBuildFile; fileRef = 16A71ADE244ACF0C0092E013 /* LaunchScreen.storyboard */; };
		16AEA309244B0FB800AFF841 /* SegmentedControlModelTests.swift in Sources */ = {isa = PBXBuildFile; fileRef = 16AEA308244B0FB800AFF841 /* SegmentedControlModelTests.swift */; };
		16ED83A5244AD9D000F3CF97 /* SegmentedControl.swift in Sources */ = {isa = PBXBuildFile; fileRef = 16ED83A4244AD9D000F3CF97 /* SegmentedControl.swift */; };
		64907D7526E6871F1A661A55 /* Pods_JustCurrency.framework in Frameworks */ = {isa = PBXBuildFile; fileRef = 3C13896D77C41FEFBC61310E /* Pods_JustCurrency.framework */; };
		6793BE694EDFD46915C2E643 /* Pods_JustCurrencyTests.framework in Frameworks */ = {isa = PBXBuildFile; fileRef = 8274D343733DEA2CB6E32EA0 /* Pods_JustCurrencyTests.framework */; };
/* End PBXBuildFile section */

/* Begin PBXContainerItemProxy section */
		16A71AE7244ACF0C0092E013 /* PBXContainerItemProxy */ = {
			isa = PBXContainerItemProxy;
			containerPortal = 16A71AC8244ACF0B0092E013 /* Project object */;
			proxyType = 1;
			remoteGlobalIDString = 16A71ACF244ACF0B0092E013;
			remoteInfo = JustCurrency;
		};
/* End PBXContainerItemProxy section */

/* Begin PBXFileReference section */
		1642C878244B3D2600F5DF5E /* ExchangeRateTableView.swift */ = {isa = PBXFileReference; lastKnownFileType = sourcecode.swift; path = ExchangeRateTableView.swift; sourceTree = "<group>"; };
		1642C87B244B3DBE00F5DF5E /* CustomViewController.swift */ = {isa = PBXFileReference; lastKnownFileType = sourcecode.swift; path = CustomViewController.swift; sourceTree = "<group>"; };
		1642C87D244B3F9D00F5DF5E /* ExchangeRateTableViewModel.swift */ = {isa = PBXFileReference; lastKnownFileType = sourcecode.swift; path = ExchangeRateTableViewModel.swift; sourceTree = "<group>"; };
		1642C87F244B414D00F5DF5E /* CustomViewContaining.swift */ = {isa = PBXFileReference; lastKnownFileType = sourcecode.swift; path = CustomViewContaining.swift; sourceTree = "<group>"; };
		1642C882244B41F900F5DF5E /* ExchangeRateTableViewController.swift */ = {isa = PBXFileReference; lastKnownFileType = sourcecode.swift; path = ExchangeRateTableViewController.swift; sourceTree = "<group>"; };
		16564119244B05A50036FFDE /* SegmentedControlItem.swift */ = {isa = PBXFileReference; lastKnownFileType = sourcecode.swift; path = SegmentedControlItem.swift; sourceTree = "<group>"; };
		1656411B244B05D80036FFDE /* SegmentedControlItemModel.swift */ = {isa = PBXFileReference; lastKnownFileType = sourcecode.swift; path = SegmentedControlItemModel.swift; sourceTree = "<group>"; };
		1656411D244B087E0036FFDE /* ConfiguringWithModel.swift */ = {isa = PBXFileReference; lastKnownFileType = sourcecode.swift; path = ConfiguringWithModel.swift; sourceTree = "<group>"; };
		1656411F244B08BF0036FFDE /* UIConstants.swift */ = {isa = PBXFileReference; lastKnownFileType = sourcecode.swift; path = UIConstants.swift; sourceTree = "<group>"; };
		16564121244B09020036FFDE /* SegmentedControlModel.swift */ = {isa = PBXFileReference; lastKnownFileType = sourcecode.swift; path = SegmentedControlModel.swift; sourceTree = "<group>"; };
		16895FB7244B39E000925113 /* CustomView.swift */ = {isa = PBXFileReference; lastKnownFileType = sourcecode.swift; path = CustomView.swift; sourceTree = "<group>"; };
		16A0EEAB244B16E600D44E09 /* Repository.swift */ = {isa = PBXFileReference; lastKnownFileType = sourcecode.swift; path = Repository.swift; sourceTree = "<group>"; };
		16A0EEAE244B177200D44E09 /* Specification.swift */ = {isa = PBXFileReference; lastKnownFileType = sourcecode.swift; path = Specification.swift; sourceTree = "<group>"; };
		16A0EEB1244B195800D44E09 /* RepositoryAction.swift */ = {isa = PBXFileReference; lastKnownFileType = sourcecode.swift; path = RepositoryAction.swift; sourceTree = "<group>"; };
		16A0EEB3244B199700D44E09 /* NetworkRepository.swift */ = {isa = PBXFileReference; lastKnownFileType = sourcecode.swift; path = NetworkRepository.swift; sourceTree = "<group>"; };
		16A0EEB6244B1A4400D44E09 /* NetworkRepositoryAction.swift */ = {isa = PBXFileReference; lastKnownFileType = sourcecode.swift; path = NetworkRepositoryAction.swift; sourceTree = "<group>"; };
		16A0EEB8244B1AD700D44E09 /* NetworkSpecification.swift */ = {isa = PBXFileReference; lastKnownFileType = sourcecode.swift; path = NetworkSpecification.swift; sourceTree = "<group>"; };
		16A0EEBA244B1B0100D44E09 /* NetworkRoute.swift */ = {isa = PBXFileReference; lastKnownFileType = sourcecode.swift; path = NetworkRoute.swift; sourceTree = "<group>"; };
		16A0EEBC244B1C6400D44E09 /* RepositoryActionError.swift */ = {isa = PBXFileReference; lastKnownFileType = sourcecode.swift; path = RepositoryActionError.swift; sourceTree = "<group>"; };
		16A53164244B2A94004D7927 /* ExchangeRateTableSpecification.swift */ = {isa = PBXFileReference; lastKnownFileType = sourcecode.swift; path = ExchangeRateTableSpecification.swift; sourceTree = "<group>"; };
		16A53166244B2B0D004D7927 /* ExchangeRateTable.swift */ = {isa = PBXFileReference; lastKnownFileType = sourcecode.swift; path = ExchangeRateTable.swift; sourceTree = "<group>"; };
		16A53168244B2C94004D7927 /* AnyRepository.swift */ = {isa = PBXFileReference; lastKnownFileType = sourcecode.swift; path = AnyRepository.swift; sourceTree = "<group>"; };
		16A5316A244B30EB004D7927 /* ExchangeRate.swift */ = {isa = PBXFileReference; lastKnownFileType = sourcecode.swift; path = ExchangeRate.swift; sourceTree = "<group>"; };
		16A71AD0244ACF0B0092E013 /* JustCurrency.app */ = {isa = PBXFileReference; explicitFileType = wrapper.application; includeInIndex = 0; path = JustCurrency.app; sourceTree = BUILT_PRODUCTS_DIR; };
		16A71AD3244ACF0B0092E013 /* AppDelegate.swift */ = {isa = PBXFileReference; lastKnownFileType = sourcecode.swift; path = AppDelegate.swift; sourceTree = "<group>"; };
		16A71AD7244ACF0B0092E013 /* ViewController.swift */ = {isa = PBXFileReference; lastKnownFileType = sourcecode.swift; path = ViewController.swift; sourceTree = "<group>"; };
		16A71ADC244ACF0C0092E013 /* Assets.xcassets */ = {isa = PBXFileReference; lastKnownFileType = folder.assetcatalog; path = Assets.xcassets; sourceTree = "<group>"; };
		16A71ADF244ACF0C0092E013 /* Base */ = {isa = PBXFileReference; lastKnownFileType = file.storyboard; name = Base; path = Base.lproj/LaunchScreen.storyboard; sourceTree = "<group>"; };
		16A71AE1244ACF0C0092E013 /* Info.plist */ = {isa = PBXFileReference; lastKnownFileType = text.plist.xml; path = Info.plist; sourceTree = "<group>"; };
		16A71AE6244ACF0C0092E013 /* JustCurrencyTests.xctest */ = {isa = PBXFileReference; explicitFileType = wrapper.cfbundle; includeInIndex = 0; path = JustCurrencyTests.xctest; sourceTree = BUILT_PRODUCTS_DIR; };
		16A71AEC244ACF0C0092E013 /* Info.plist */ = {isa = PBXFileReference; lastKnownFileType = text.plist.xml; path = Info.plist; sourceTree = "<group>"; };
		16AEA308244B0FB800AFF841 /* SegmentedControlModelTests.swift */ = {isa = PBXFileReference; lastKnownFileType = sourcecode.swift; path = SegmentedControlModelTests.swift; sourceTree = "<group>"; };
		16ED83A4244AD9D000F3CF97 /* SegmentedControl.swift */ = {isa = PBXFileReference; lastKnownFileType = sourcecode.swift; path = SegmentedControl.swift; sourceTree = "<group>"; };
		2285ECCED5D6C150231E806A /* Pods-JustCurrency.release.xcconfig */ = {isa = PBXFileReference; includeInIndex = 1; lastKnownFileType = text.xcconfig; name = "Pods-JustCurrency.release.xcconfig"; path = "Target Support Files/Pods-JustCurrency/Pods-JustCurrency.release.xcconfig"; sourceTree = "<group>"; };
		3C13896D77C41FEFBC61310E /* Pods_JustCurrency.framework */ = {isa = PBXFileReference; explicitFileType = wrapper.framework; includeInIndex = 0; path = Pods_JustCurrency.framework; sourceTree = BUILT_PRODUCTS_DIR; };
		519F3970DD388F2711A8144B /* Pods-JustCurrencyTests.debug.xcconfig */ = {isa = PBXFileReference; includeInIndex = 1; lastKnownFileType = text.xcconfig; name = "Pods-JustCurrencyTests.debug.xcconfig"; path = "Target Support Files/Pods-JustCurrencyTests/Pods-JustCurrencyTests.debug.xcconfig"; sourceTree = "<group>"; };
		7DA5DF2FFDC44D5453F95E9B /* Pods-JustCurrencyTests.release.xcconfig */ = {isa = PBXFileReference; includeInIndex = 1; lastKnownFileType = text.xcconfig; name = "Pods-JustCurrencyTests.release.xcconfig"; path = "Target Support Files/Pods-JustCurrencyTests/Pods-JustCurrencyTests.release.xcconfig"; sourceTree = "<group>"; };
		8274D343733DEA2CB6E32EA0 /* Pods_JustCurrencyTests.framework */ = {isa = PBXFileReference; explicitFileType = wrapper.framework; includeInIndex = 0; path = Pods_JustCurrencyTests.framework; sourceTree = BUILT_PRODUCTS_DIR; };
		98811E923B95300444B7D105 /* Pods-JustCurrency.debug.xcconfig */ = {isa = PBXFileReference; includeInIndex = 1; lastKnownFileType = text.xcconfig; name = "Pods-JustCurrency.debug.xcconfig"; path = "Target Support Files/Pods-JustCurrency/Pods-JustCurrency.debug.xcconfig"; sourceTree = "<group>"; };
/* End PBXFileReference section */

/* Begin PBXFrameworksBuildPhase section */
		16A71ACD244ACF0B0092E013 /* Frameworks */ = {
			isa = PBXFrameworksBuildPhase;
			buildActionMask = 2147483647;
			files = (
				64907D7526E6871F1A661A55 /* Pods_JustCurrency.framework in Frameworks */,
			);
			runOnlyForDeploymentPostprocessing = 0;
		};
		16A71AE3244ACF0C0092E013 /* Frameworks */ = {
			isa = PBXFrameworksBuildPhase;
			buildActionMask = 2147483647;
			files = (
				6793BE694EDFD46915C2E643 /* Pods_JustCurrencyTests.framework in Frameworks */,
			);
			runOnlyForDeploymentPostprocessing = 0;
		};
/* End PBXFrameworksBuildPhase section */

/* Begin PBXGroup section */
		1642C87A244B3DA300F5DF5E /* CustomView */ = {
			isa = PBXGroup;
			children = (
				16895FB7244B39E000925113 /* CustomView.swift */,
				1642C87B244B3DBE00F5DF5E /* CustomViewController.swift */,
				1642C87F244B414D00F5DF5E /* CustomViewContaining.swift */,
			);
			path = CustomView;
			sourceTree = "<group>";
		};
		1642C881244B41E800F5DF5E /* View */ = {
			isa = PBXGroup;
			children = (
				1642C878244B3D2600F5DF5E /* ExchangeRateTableView.swift */,
				1642C882244B41F900F5DF5E /* ExchangeRateTableViewController.swift */,
			);
			path = View;
			sourceTree = "<group>";
		};
		16564118244B058D0036FFDE /* Item */ = {
			isa = PBXGroup;
			children = (
				16564119244B05A50036FFDE /* SegmentedControlItem.swift */,
				1656411B244B05D80036FFDE /* SegmentedControlItemModel.swift */,
			);
			path = Item;
			sourceTree = "<group>";
		};
		16895FB9244B3ABA00925113 /* UserInterface */ = {
			isa = PBXGroup;
			children = (
				1656411F244B08BF0036FFDE /* UIConstants.swift */,
				1642C87A244B3DA300F5DF5E /* CustomView */,
			);
			path = UserInterface;
			sourceTree = "<group>";
		};
		16A0EEA9244B16AE00D44E09 /* DataAccess */ = {
			isa = PBXGroup;
			children = (
				16A0EEBA244B1B0100D44E09 /* NetworkRoute.swift */,
				16A0EEAA244B16BF00D44E09 /* Repositories */,
				16A0EEAD244B174C00D44E09 /* Specifications */,
			);
			path = DataAccess;
			sourceTree = "<group>";
		};
		16A0EEAA244B16BF00D44E09 /* Repositories */ = {
			isa = PBXGroup;
			children = (
				16A0EEBE244B1CBB00D44E09 /* Action */,
				16A53168244B2C94004D7927 /* AnyRepository.swift */,
				16A0EEAB244B16E600D44E09 /* Repository.swift */,
				16A0EEB5244B1A3100D44E09 /* Network */,
			);
			path = Repositories;
			sourceTree = "<group>";
		};
		16A0EEAD244B174C00D44E09 /* Specifications */ = {
			isa = PBXGroup;
			children = (
				16A0EEAE244B177200D44E09 /* Specification.swift */,
				16A0EEB8244B1AD700D44E09 /* NetworkSpecification.swift */,
			);
			path = Specifications;
			sourceTree = "<group>";
		};
		16A0EEB5244B1A3100D44E09 /* Network */ = {
			isa = PBXGroup;
			children = (
				16A0EEB3244B199700D44E09 /* NetworkRepository.swift */,
				16A0EEB6244B1A4400D44E09 /* NetworkRepositoryAction.swift */,
			);
			path = Network;
			sourceTree = "<group>";
		};
		16A0EEBE244B1CBB00D44E09 /* Action */ = {
			isa = PBXGroup;
			children = (
				16A0EEB1244B195800D44E09 /* RepositoryAction.swift */,
				16A0EEBC244B1C6400D44E09 /* RepositoryActionError.swift */,
			);
			path = Action;
			sourceTree = "<group>";
		};
		16A5316C244B3540004D7927 /* ExchangeRateTable */ = {
			isa = PBXGroup;
			children = (
				16A53164244B2A94004D7927 /* ExchangeRateTableSpecification.swift */,
				1642C881244B41E800F5DF5E /* View */,
				1642C87D244B3F9D00F5DF5E /* ExchangeRateTableViewModel.swift */,
				16A5316D244B3564004D7927 /* Models */,
			);
			path = ExchangeRateTable;
			sourceTree = "<group>";
		};
		16A5316D244B3564004D7927 /* Models */ = {
			isa = PBXGroup;
			children = (
				16A5316A244B30EB004D7927 /* ExchangeRate.swift */,
				16A53166244B2B0D004D7927 /* ExchangeRateTable.swift */,
			);
			path = Models;
			sourceTree = "<group>";
		};
		16A71AC7244ACF0B0092E013 = {
			isa = PBXGroup;
			children = (
				16A71AD2244ACF0B0092E013 /* JustCurrency */,
				16A71AE9244ACF0C0092E013 /* JustCurrencyTests */,
				16A71AD1244ACF0B0092E013 /* Products */,
				8BA6CAE5607242E7B587B135 /* Pods */,
				AB552BA83B629929FD65BDE2 /* Frameworks */,
			);
			sourceTree = "<group>";
		};
		16A71AD1244ACF0B0092E013 /* Products */ = {
			isa = PBXGroup;
			children = (
				16A71AD0244ACF0B0092E013 /* JustCurrency.app */,
				16A71AE6244ACF0C0092E013 /* JustCurrencyTests.xctest */,
			);
			name = Products;
			sourceTree = "<group>";
		};
		16A71AD2244ACF0B0092E013 /* JustCurrency */ = {
			isa = PBXGroup;
			children = (
				16A71AD3244ACF0B0092E013 /* AppDelegate.swift */,
				1656411D244B087E0036FFDE /* ConfiguringWithModel.swift */,
				16A0EEA9244B16AE00D44E09 /* DataAccess */,
				16A5316C244B3540004D7927 /* ExchangeRateTable */,
				16ED83A6244AF10B00F3CF97 /* SegmentedControl */,
				16895FB9244B3ABA00925113 /* UserInterface */,
				16A71AD7244ACF0B0092E013 /* ViewController.swift */,
				16A71ADC244ACF0C0092E013 /* Assets.xcassets */,
				16A71ADE244ACF0C0092E013 /* LaunchScreen.storyboard */,
				16A71AE1244ACF0C0092E013 /* Info.plist */,
			);
			path = JustCurrency;
			sourceTree = "<group>";
		};
		16A71AE9244ACF0C0092E013 /* JustCurrencyTests */ = {
			isa = PBXGroup;
			children = (
				16AEA307244B0F6E00AFF841 /* SegmentedControlTests */,
				16A71AEC244ACF0C0092E013 /* Info.plist */,
			);
			path = JustCurrencyTests;
			sourceTree = "<group>";
		};
		16AEA307244B0F6E00AFF841 /* SegmentedControlTests */ = {
			isa = PBXGroup;
			children = (
				16AEA308244B0FB800AFF841 /* SegmentedControlModelTests.swift */,
			);
			path = SegmentedControlTests;
			sourceTree = "<group>";
		};
		16ED83A6244AF10B00F3CF97 /* SegmentedControl */ = {
			isa = PBXGroup;
			children = (
				16ED83A4244AD9D000F3CF97 /* SegmentedControl.swift */,
				16564121244B09020036FFDE /* SegmentedControlModel.swift */,
				16564118244B058D0036FFDE /* Item */,
			);
			path = SegmentedControl;
			sourceTree = "<group>";
		};
		8BA6CAE5607242E7B587B135 /* Pods */ = {
			isa = PBXGroup;
			children = (
				98811E923B95300444B7D105 /* Pods-JustCurrency.debug.xcconfig */,
				2285ECCED5D6C150231E806A /* Pods-JustCurrency.release.xcconfig */,
				519F3970DD388F2711A8144B /* Pods-JustCurrencyTests.debug.xcconfig */,
				7DA5DF2FFDC44D5453F95E9B /* Pods-JustCurrencyTests.release.xcconfig */,
			);
			path = Pods;
			sourceTree = "<group>";
		};
		AB552BA83B629929FD65BDE2 /* Frameworks */ = {
			isa = PBXGroup;
			children = (
				3C13896D77C41FEFBC61310E /* Pods_JustCurrency.framework */,
				8274D343733DEA2CB6E32EA0 /* Pods_JustCurrencyTests.framework */,
			);
			name = Frameworks;
			sourceTree = "<group>";
		};
/* End PBXGroup section */

/* Begin PBXNativeTarget section */
		16A71ACF244ACF0B0092E013 /* JustCurrency */ = {
			isa = PBXNativeTarget;
			buildConfigurationList = 16A71AEF244ACF0C0092E013 /* Build configuration list for PBXNativeTarget "JustCurrency" */;
			buildPhases = (
				A830CDA8576250B3F86A280E /* [CP] Check Pods Manifest.lock */,
				16A71ACC244ACF0B0092E013 /* Sources */,
				16A71ACD244ACF0B0092E013 /* Frameworks */,
				16A71ACE244ACF0B0092E013 /* Resources */,
				98553A389224A54B2E86F393 /* [CP] Embed Pods Frameworks */,
			);
			buildRules = (
			);
			dependencies = (
			);
			name = JustCurrency;
			productName = JustCurrency;
			productReference = 16A71AD0244ACF0B0092E013 /* JustCurrency.app */;
			productType = "com.apple.product-type.application";
		};
		16A71AE5244ACF0C0092E013 /* JustCurrencyTests */ = {
			isa = PBXNativeTarget;
			buildConfigurationList = 16A71AF2244ACF0C0092E013 /* Build configuration list for PBXNativeTarget "JustCurrencyTests" */;
			buildPhases = (
				7E9B5D485FC4DCBC7C4B4608 /* [CP] Check Pods Manifest.lock */,
				16A71AE2244ACF0C0092E013 /* Sources */,
				16A71AE3244ACF0C0092E013 /* Frameworks */,
				16A71AE4244ACF0C0092E013 /* Resources */,
				4370903689554AED5696BE68 /* [CP] Embed Pods Frameworks */,
			);
			buildRules = (
			);
			dependencies = (
				16A71AE8244ACF0C0092E013 /* PBXTargetDependency */,
			);
			name = JustCurrencyTests;
			productName = JustCurrencyTests;
			productReference = 16A71AE6244ACF0C0092E013 /* JustCurrencyTests.xctest */;
			productType = "com.apple.product-type.bundle.unit-test";
		};
/* End PBXNativeTarget section */

/* Begin PBXProject section */
		16A71AC8244ACF0B0092E013 /* Project object */ = {
			isa = PBXProject;
			attributes = {
				LastSwiftUpdateCheck = 1140;
				LastUpgradeCheck = 1140;
				ORGANIZATIONNAME = "Marcin Rainka";
				TargetAttributes = {
					16A71ACF244ACF0B0092E013 = {
						CreatedOnToolsVersion = 11.4.1;
					};
					16A71AE5244ACF0C0092E013 = {
						CreatedOnToolsVersion = 11.4.1;
						TestTargetID = 16A71ACF244ACF0B0092E013;
					};
				};
			};
			buildConfigurationList = 16A71ACB244ACF0B0092E013 /* Build configuration list for PBXProject "JustCurrency" */;
			compatibilityVersion = "Xcode 9.3";
			developmentRegion = en;
			hasScannedForEncodings = 0;
			knownRegions = (
				en,
				Base,
			);
			mainGroup = 16A71AC7244ACF0B0092E013;
			productRefGroup = 16A71AD1244ACF0B0092E013 /* Products */;
			projectDirPath = "";
			projectRoot = "";
			targets = (
				16A71ACF244ACF0B0092E013 /* JustCurrency */,
				16A71AE5244ACF0C0092E013 /* JustCurrencyTests */,
			);
		};
/* End PBXProject section */

/* Begin PBXResourcesBuildPhase section */
		16A71ACE244ACF0B0092E013 /* Resources */ = {
			isa = PBXResourcesBuildPhase;
			buildActionMask = 2147483647;
			files = (
				16A71AE0244ACF0C0092E013 /* LaunchScreen.storyboard in Resources */,
				16A71ADD244ACF0C0092E013 /* Assets.xcassets in Resources */,
			);
			runOnlyForDeploymentPostprocessing = 0;
		};
		16A71AE4244ACF0C0092E013 /* Resources */ = {
			isa = PBXResourcesBuildPhase;
			buildActionMask = 2147483647;
			files = (
			);
			runOnlyForDeploymentPostprocessing = 0;
		};
/* End PBXResourcesBuildPhase section */

/* Begin PBXShellScriptBuildPhase section */
		4370903689554AED5696BE68 /* [CP] Embed Pods Frameworks */ = {
			isa = PBXShellScriptBuildPhase;
			buildActionMask = 2147483647;
			files = (
			);
			inputFileListPaths = (
				"${PODS_ROOT}/Target Support Files/Pods-JustCurrencyTests/Pods-JustCurrencyTests-frameworks-${CONFIGURATION}-input-files.xcfilelist",
			);
			name = "[CP] Embed Pods Frameworks";
			outputFileListPaths = (
				"${PODS_ROOT}/Target Support Files/Pods-JustCurrencyTests/Pods-JustCurrencyTests-frameworks-${CONFIGURATION}-output-files.xcfilelist",
			);
			runOnlyForDeploymentPostprocessing = 0;
			shellPath = /bin/sh;
			shellScript = "\"${PODS_ROOT}/Target Support Files/Pods-JustCurrencyTests/Pods-JustCurrencyTests-frameworks.sh\"\n";
			showEnvVarsInLog = 0;
		};
		7E9B5D485FC4DCBC7C4B4608 /* [CP] Check Pods Manifest.lock */ = {
			isa = PBXShellScriptBuildPhase;
			buildActionMask = 2147483647;
			files = (
			);
			inputFileListPaths = (
			);
			inputPaths = (
				"${PODS_PODFILE_DIR_PATH}/Podfile.lock",
				"${PODS_ROOT}/Manifest.lock",
			);
			name = "[CP] Check Pods Manifest.lock";
			outputFileListPaths = (
			);
			outputPaths = (
				"$(DERIVED_FILE_DIR)/Pods-JustCurrencyTests-checkManifestLockResult.txt",
			);
			runOnlyForDeploymentPostprocessing = 0;
			shellPath = /bin/sh;
			shellScript = "diff \"${PODS_PODFILE_DIR_PATH}/Podfile.lock\" \"${PODS_ROOT}/Manifest.lock\" > /dev/null\nif [ $? != 0 ] ; then\n    # print error to STDERR\n    echo \"error: The sandbox is not in sync with the Podfile.lock. Run 'pod install' or update your CocoaPods installation.\" >&2\n    exit 1\nfi\n# This output is used by Xcode 'outputs' to avoid re-running this script phase.\necho \"SUCCESS\" > \"${SCRIPT_OUTPUT_FILE_0}\"\n";
			showEnvVarsInLog = 0;
		};
		98553A389224A54B2E86F393 /* [CP] Embed Pods Frameworks */ = {
			isa = PBXShellScriptBuildPhase;
			buildActionMask = 2147483647;
			files = (
			);
			inputFileListPaths = (
				"${PODS_ROOT}/Target Support Files/Pods-JustCurrency/Pods-JustCurrency-frameworks-${CONFIGURATION}-input-files.xcfilelist",
			);
			name = "[CP] Embed Pods Frameworks";
			outputFileListPaths = (
				"${PODS_ROOT}/Target Support Files/Pods-JustCurrency/Pods-JustCurrency-frameworks-${CONFIGURATION}-output-files.xcfilelist",
			);
			runOnlyForDeploymentPostprocessing = 0;
			shellPath = /bin/sh;
			shellScript = "\"${PODS_ROOT}/Target Support Files/Pods-JustCurrency/Pods-JustCurrency-frameworks.sh\"\n";
			showEnvVarsInLog = 0;
		};
		A830CDA8576250B3F86A280E /* [CP] Check Pods Manifest.lock */ = {
			isa = PBXShellScriptBuildPhase;
			buildActionMask = 2147483647;
			files = (
			);
			inputFileListPaths = (
			);
			inputPaths = (
				"${PODS_PODFILE_DIR_PATH}/Podfile.lock",
				"${PODS_ROOT}/Manifest.lock",
			);
			name = "[CP] Check Pods Manifest.lock";
			outputFileListPaths = (
			);
			outputPaths = (
				"$(DERIVED_FILE_DIR)/Pods-JustCurrency-checkManifestLockResult.txt",
			);
			runOnlyForDeploymentPostprocessing = 0;
			shellPath = /bin/sh;
			shellScript = "diff \"${PODS_PODFILE_DIR_PATH}/Podfile.lock\" \"${PODS_ROOT}/Manifest.lock\" > /dev/null\nif [ $? != 0 ] ; then\n    # print error to STDERR\n    echo \"error: The sandbox is not in sync with the Podfile.lock. Run 'pod install' or update your CocoaPods installation.\" >&2\n    exit 1\nfi\n# This output is used by Xcode 'outputs' to avoid re-running this script phase.\necho \"SUCCESS\" > \"${SCRIPT_OUTPUT_FILE_0}\"\n";
			showEnvVarsInLog = 0;
		};
/* End PBXShellScriptBuildPhase section */

/* Begin PBXSourcesBuildPhase section */
		16A71ACC244ACF0B0092E013 /* Sources */ = {
			isa = PBXSourcesBuildPhase;
			buildActionMask = 2147483647;
			files = (
				16A0EEB4244B199700D44E09 /* NetworkRepository.swift in Sources */,
				1656411C244B05D80036FFDE /* SegmentedControlItemModel.swift in Sources */,
				1642C87C244B3DBE00F5DF5E /* CustomViewController.swift in Sources */,
				16A0EEB9244B1AD700D44E09 /* NetworkSpecification.swift in Sources */,
				16895FB8244B39E000925113 /* CustomView.swift in Sources */,
				16A0EEAF244B177200D44E09 /* Specification.swift in Sources */,
				1642C880244B414D00F5DF5E /* CustomViewContaining.swift in Sources */,
				1656411E244B087E0036FFDE /* ConfiguringWithModel.swift in Sources */,
				16A53165244B2A94004D7927 /* ExchangeRateTableSpecification.swift in Sources */,
				16A71AD8244ACF0B0092E013 /* ViewController.swift in Sources */,
				16564120244B08BF0036FFDE /* UIConstants.swift in Sources */,
				16A0EEBB244B1B0100D44E09 /* NetworkRoute.swift in Sources */,
				16A0EEB2244B195800D44E09 /* RepositoryAction.swift in Sources */,
				16A53169244B2C94004D7927 /* AnyRepository.swift in Sources */,
				16564122244B09020036FFDE /* SegmentedControlModel.swift in Sources */,
				16A0EEBD244B1C6400D44E09 /* RepositoryActionError.swift in Sources */,
				1642C883244B41F900F5DF5E /* ExchangeRateTableViewController.swift in Sources */,
				16A0EEB7244B1A4400D44E09 /* NetworkRepositoryAction.swift in Sources */,
				1656411A244B05A50036FFDE /* SegmentedControlItem.swift in Sources */,
				1642C879244B3D2600F5DF5E /* ExchangeRateTableView.swift in Sources */,
				16ED83A5244AD9D000F3CF97 /* SegmentedControl.swift in Sources */,
				16A5316B244B30EB004D7927 /* ExchangeRate.swift in Sources */,
				1642C87E244B3F9D00F5DF5E /* ExchangeRateTableViewModel.swift in Sources */,
				16A71AD4244ACF0B0092E013 /* AppDelegate.swift in Sources */,
				16A0EEAC244B16E600D44E09 /* Repository.swift in Sources */,
				16A53167244B2B0D004D7927 /* ExchangeRateTable.swift in Sources */,
			);
			runOnlyForDeploymentPostprocessing = 0;
		};
		16A71AE2244ACF0C0092E013 /* Sources */ = {
			isa = PBXSourcesBuildPhase;
			buildActionMask = 2147483647;
			files = (
				16AEA309244B0FB800AFF841 /* SegmentedControlModelTests.swift in Sources */,
			);
			runOnlyForDeploymentPostprocessing = 0;
		};
/* End PBXSourcesBuildPhase section */

/* Begin PBXTargetDependency section */
		16A71AE8244ACF0C0092E013 /* PBXTargetDependency */ = {
			isa = PBXTargetDependency;
			target = 16A71ACF244ACF0B0092E013 /* JustCurrency */;
			targetProxy = 16A71AE7244ACF0C0092E013 /* PBXContainerItemProxy */;
		};
/* End PBXTargetDependency section */

/* Begin PBXVariantGroup section */
		16A71ADE244ACF0C0092E013 /* LaunchScreen.storyboard */ = {
			isa = PBXVariantGroup;
			children = (
				16A71ADF244ACF0C0092E013 /* Base */,
			);
			name = LaunchScreen.storyboard;
			sourceTree = "<group>";
		};
/* End PBXVariantGroup section */

/* Begin XCBuildConfiguration section */
		16A71AED244ACF0C0092E013 /* Debug */ = {
			isa = XCBuildConfiguration;
			buildSettings = {
				ALWAYS_SEARCH_USER_PATHS = NO;
				CLANG_ANALYZER_NONNULL = YES;
				CLANG_ANALYZER_NUMBER_OBJECT_CONVERSION = YES_AGGRESSIVE;
				CLANG_CXX_LANGUAGE_STANDARD = "gnu++14";
				CLANG_CXX_LIBRARY = "libc++";
				CLANG_ENABLE_MODULES = YES;
				CLANG_ENABLE_OBJC_ARC = YES;
				CLANG_ENABLE_OBJC_WEAK = YES;
				CLANG_WARN_BLOCK_CAPTURE_AUTORELEASING = YES;
				CLANG_WARN_BOOL_CONVERSION = YES;
				CLANG_WARN_COMMA = YES;
				CLANG_WARN_CONSTANT_CONVERSION = YES;
				CLANG_WARN_DEPRECATED_OBJC_IMPLEMENTATIONS = YES;
				CLANG_WARN_DIRECT_OBJC_ISA_USAGE = YES_ERROR;
				CLANG_WARN_DOCUMENTATION_COMMENTS = YES;
				CLANG_WARN_EMPTY_BODY = YES;
				CLANG_WARN_ENUM_CONVERSION = YES;
				CLANG_WARN_INFINITE_RECURSION = YES;
				CLANG_WARN_INT_CONVERSION = YES;
				CLANG_WARN_NON_LITERAL_NULL_CONVERSION = YES;
				CLANG_WARN_OBJC_IMPLICIT_RETAIN_SELF = YES;
				CLANG_WARN_OBJC_LITERAL_CONVERSION = YES;
				CLANG_WARN_OBJC_ROOT_CLASS = YES_ERROR;
				CLANG_WARN_RANGE_LOOP_ANALYSIS = YES;
				CLANG_WARN_STRICT_PROTOTYPES = YES;
				CLANG_WARN_SUSPICIOUS_MOVE = YES;
				CLANG_WARN_UNGUARDED_AVAILABILITY = YES_AGGRESSIVE;
				CLANG_WARN_UNREACHABLE_CODE = YES;
				CLANG_WARN__DUPLICATE_METHOD_MATCH = YES;
				COPY_PHASE_STRIP = NO;
				DEBUG_INFORMATION_FORMAT = dwarf;
				ENABLE_STRICT_OBJC_MSGSEND = YES;
				ENABLE_TESTABILITY = YES;
				GCC_C_LANGUAGE_STANDARD = gnu11;
				GCC_DYNAMIC_NO_PIC = NO;
				GCC_NO_COMMON_BLOCKS = YES;
				GCC_OPTIMIZATION_LEVEL = 0;
				GCC_PREPROCESSOR_DEFINITIONS = (
					"DEBUG=1",
					"$(inherited)",
				);
				GCC_WARN_64_TO_32_BIT_CONVERSION = YES;
				GCC_WARN_ABOUT_RETURN_TYPE = YES_ERROR;
				GCC_WARN_UNDECLARED_SELECTOR = YES;
				GCC_WARN_UNINITIALIZED_AUTOS = YES_AGGRESSIVE;
				GCC_WARN_UNUSED_FUNCTION = YES;
				GCC_WARN_UNUSED_VARIABLE = YES;
				IPHONEOS_DEPLOYMENT_TARGET = 13.4;
				MTL_ENABLE_DEBUG_INFO = INCLUDE_SOURCE;
				MTL_FAST_MATH = YES;
				ONLY_ACTIVE_ARCH = YES;
				SDKROOT = iphoneos;
				SWIFT_ACTIVE_COMPILATION_CONDITIONS = DEBUG;
				SWIFT_OPTIMIZATION_LEVEL = "-Onone";
			};
			name = Debug;
		};
		16A71AEE244ACF0C0092E013 /* Release */ = {
			isa = XCBuildConfiguration;
			buildSettings = {
				ALWAYS_SEARCH_USER_PATHS = NO;
				CLANG_ANALYZER_NONNULL = YES;
				CLANG_ANALYZER_NUMBER_OBJECT_CONVERSION = YES_AGGRESSIVE;
				CLANG_CXX_LANGUAGE_STANDARD = "gnu++14";
				CLANG_CXX_LIBRARY = "libc++";
				CLANG_ENABLE_MODULES = YES;
				CLANG_ENABLE_OBJC_ARC = YES;
				CLANG_ENABLE_OBJC_WEAK = YES;
				CLANG_WARN_BLOCK_CAPTURE_AUTORELEASING = YES;
				CLANG_WARN_BOOL_CONVERSION = YES;
				CLANG_WARN_COMMA = YES;
				CLANG_WARN_CONSTANT_CONVERSION = YES;
				CLANG_WARN_DEPRECATED_OBJC_IMPLEMENTATIONS = YES;
				CLANG_WARN_DIRECT_OBJC_ISA_USAGE = YES_ERROR;
				CLANG_WARN_DOCUMENTATION_COMMENTS = YES;
				CLANG_WARN_EMPTY_BODY = YES;
				CLANG_WARN_ENUM_CONVERSION = YES;
				CLANG_WARN_INFINITE_RECURSION = YES;
				CLANG_WARN_INT_CONVERSION = YES;
				CLANG_WARN_NON_LITERAL_NULL_CONVERSION = YES;
				CLANG_WARN_OBJC_IMPLICIT_RETAIN_SELF = YES;
				CLANG_WARN_OBJC_LITERAL_CONVERSION = YES;
				CLANG_WARN_OBJC_ROOT_CLASS = YES_ERROR;
				CLANG_WARN_RANGE_LOOP_ANALYSIS = YES;
				CLANG_WARN_STRICT_PROTOTYPES = YES;
				CLANG_WARN_SUSPICIOUS_MOVE = YES;
				CLANG_WARN_UNGUARDED_AVAILABILITY = YES_AGGRESSIVE;
				CLANG_WARN_UNREACHABLE_CODE = YES;
				CLANG_WARN__DUPLICATE_METHOD_MATCH = YES;
				COPY_PHASE_STRIP = NO;
				DEBUG_INFORMATION_FORMAT = "dwarf-with-dsym";
				ENABLE_NS_ASSERTIONS = NO;
				ENABLE_STRICT_OBJC_MSGSEND = YES;
				GCC_C_LANGUAGE_STANDARD = gnu11;
				GCC_NO_COMMON_BLOCKS = YES;
				GCC_WARN_64_TO_32_BIT_CONVERSION = YES;
				GCC_WARN_ABOUT_RETURN_TYPE = YES_ERROR;
				GCC_WARN_UNDECLARED_SELECTOR = YES;
				GCC_WARN_UNINITIALIZED_AUTOS = YES_AGGRESSIVE;
				GCC_WARN_UNUSED_FUNCTION = YES;
				GCC_WARN_UNUSED_VARIABLE = YES;
				IPHONEOS_DEPLOYMENT_TARGET = 13.4;
				MTL_ENABLE_DEBUG_INFO = NO;
				MTL_FAST_MATH = YES;
				SDKROOT = iphoneos;
				SWIFT_COMPILATION_MODE = wholemodule;
				SWIFT_OPTIMIZATION_LEVEL = "-O";
				VALIDATE_PRODUCT = YES;
			};
			name = Release;
		};
		16A71AF0244ACF0C0092E013 /* Debug */ = {
			isa = XCBuildConfiguration;
			baseConfigurationReference = 98811E923B95300444B7D105 /* Pods-JustCurrency.debug.xcconfig */;
			buildSettings = {
				ASSETCATALOG_COMPILER_APPICON_NAME = AppIcon;
				CODE_SIGN_STYLE = Automatic;
				DEVELOPMENT_TEAM = 4SBXCK5YYV;
				INFOPLIST_FILE = JustCurrency/Info.plist;
				LD_RUNPATH_SEARCH_PATHS = (
					"$(inherited)",
					"@executable_path/Frameworks",
				);
				PRODUCT_BUNDLE_IDENTIFIER = com.rainka.marcin.JustCurrency;
				PRODUCT_NAME = "$(TARGET_NAME)";
				SWIFT_VERSION = 5.0;
				TARGETED_DEVICE_FAMILY = "1,2";
			};
			name = Debug;
		};
		16A71AF1244ACF0C0092E013 /* Release */ = {
			isa = XCBuildConfiguration;
			baseConfigurationReference = 2285ECCED5D6C150231E806A /* Pods-JustCurrency.release.xcconfig */;
			buildSettings = {
				ASSETCATALOG_COMPILER_APPICON_NAME = AppIcon;
				CODE_SIGN_STYLE = Automatic;
				DEVELOPMENT_TEAM = 4SBXCK5YYV;
				INFOPLIST_FILE = JustCurrency/Info.plist;
				LD_RUNPATH_SEARCH_PATHS = (
					"$(inherited)",
					"@executable_path/Frameworks",
				);
				PRODUCT_BUNDLE_IDENTIFIER = com.rainka.marcin.JustCurrency;
				PRODUCT_NAME = "$(TARGET_NAME)";
				SWIFT_VERSION = 5.0;
				TARGETED_DEVICE_FAMILY = "1,2";
			};
			name = Release;
		};
		16A71AF3244ACF0C0092E013 /* Debug */ = {
			isa = XCBuildConfiguration;
			baseConfigurationReference = 519F3970DD388F2711A8144B /* Pods-JustCurrencyTests.debug.xcconfig */;
			buildSettings = {
				ALWAYS_EMBED_SWIFT_STANDARD_LIBRARIES = YES;
				BUNDLE_LOADER = "$(TEST_HOST)";
				CODE_SIGN_STYLE = Automatic;
				DEVELOPMENT_TEAM = 4SBXCK5YYV;
				INFOPLIST_FILE = JustCurrencyTests/Info.plist;
				IPHONEOS_DEPLOYMENT_TARGET = 13.4;
				LD_RUNPATH_SEARCH_PATHS = (
					"$(inherited)",
					"@executable_path/Frameworks",
					"@loader_path/Frameworks",
				);
				PRODUCT_BUNDLE_IDENTIFIER = com.rainka.marcin.JustCurrencyTests;
				PRODUCT_NAME = "$(TARGET_NAME)";
				SWIFT_VERSION = 5.0;
				TARGETED_DEVICE_FAMILY = "1,2";
				TEST_HOST = "$(BUILT_PRODUCTS_DIR)/JustCurrency.app/JustCurrency";
			};
			name = Debug;
		};
		16A71AF4244ACF0C0092E013 /* Release */ = {
			isa = XCBuildConfiguration;
			baseConfigurationReference = 7DA5DF2FFDC44D5453F95E9B /* Pods-JustCurrencyTests.release.xcconfig */;
			buildSettings = {
				ALWAYS_EMBED_SWIFT_STANDARD_LIBRARIES = YES;
				BUNDLE_LOADER = "$(TEST_HOST)";
				CODE_SIGN_STYLE = Automatic;
				DEVELOPMENT_TEAM = 4SBXCK5YYV;
				INFOPLIST_FILE = JustCurrencyTests/Info.plist;
				IPHONEOS_DEPLOYMENT_TARGET = 13.4;
				LD_RUNPATH_SEARCH_PATHS = (
					"$(inherited)",
					"@executable_path/Frameworks",
					"@loader_path/Frameworks",
				);
				PRODUCT_BUNDLE_IDENTIFIER = com.rainka.marcin.JustCurrencyTests;
				PRODUCT_NAME = "$(TARGET_NAME)";
				SWIFT_VERSION = 5.0;
				TARGETED_DEVICE_FAMILY = "1,2";
				TEST_HOST = "$(BUILT_PRODUCTS_DIR)/JustCurrency.app/JustCurrency";
			};
			name = Release;
		};
/* End XCBuildConfiguration section */

/* Begin XCConfigurationList section */
		16A71ACB244ACF0B0092E013 /* Build configuration list for PBXProject "JustCurrency" */ = {
			isa = XCConfigurationList;
			buildConfigurations = (
				16A71AED244ACF0C0092E013 /* Debug */,
				16A71AEE244ACF0C0092E013 /* Release */,
			);
			defaultConfigurationIsVisible = 0;
			defaultConfigurationName = Release;
		};
		16A71AEF244ACF0C0092E013 /* Build configuration list for PBXNativeTarget "JustCurrency" */ = {
			isa = XCConfigurationList;
			buildConfigurations = (
				16A71AF0244ACF0C0092E013 /* Debug */,
				16A71AF1244ACF0C0092E013 /* Release */,
			);
			defaultConfigurationIsVisible = 0;
			defaultConfigurationName = Release;
		};
		16A71AF2244ACF0C0092E013 /* Build configuration list for PBXNativeTarget "JustCurrencyTests" */ = {
			isa = XCConfigurationList;
			buildConfigurations = (
				16A71AF3244ACF0C0092E013 /* Debug */,
				16A71AF4244ACF0C0092E013 /* Release */,
			);
			defaultConfigurationIsVisible = 0;
			defaultConfigurationName = Release;
		};
/* End XCConfigurationList section */
	};
	rootObject = 16A71AC8244ACF0B0092E013 /* Project object */;
}
